
Microsoft Visual Studio Solution File, Format Version 12.00
# Visual Studio Version 17
VisualStudioVersion = 17.14.36518.9 d17.14
MinimumVisualStudioVersion = 10.0.40219.1
Project("{FAE04EC0-301F-11D3-BF4B-00C04F79EFBC}") = "SIGO-WinForm", "SIGO-WinForm.csproj", "{67E64D6D-FDEB-4217-9F19-F86DE0FD8383}"
EndProject
Global
	GlobalSection(SolutionConfigurationPlatforms) = preSolution
		Debug|Any CPU = Debug|Any CPU
		Release|Any CPU = Release|Any CPU
	EndGlobalSection
	GlobalSection(ProjectConfigurationPlatforms) = postSolution
		{67E64D6D-FDEB-4217-9F19-F86DE0FD8383}.Debug|Any CPU.ActiveCfg = Debug|Any CPU
		{67E64D6D-FDEB-4217-9F19-F86DE0FD8383}.Debug|Any CPU.Build.0 = Debug|Any CPU
		{67E64D6D-FDEB-4217-9F19-F86DE0FD8383}.Release|Any CPU.ActiveCfg = Release|Any CPU
		{67E64D6D-FDEB-4217-9F19-F86DE0FD8383}.Release|Any CPU.Build.0 = Release|Any CPU
	EndGlobalSection
	GlobalSection(SolutionProperties) = preSolution
		HideSolutionNode = FALSE
	EndGlobalSection
	GlobalSection(ExtensibilityGlobals) = postSolution
		SolutionGuid = {972ED4F6-1F61-4967-B1C7-4F15FD275B62}
	EndGlobalSection
EndGlobal
